
Microsoft Visual Studio Solution File, Format Version 12.00
# Visual Studio Version 16
VisualStudioVersion = 25.0.1706.9
MinimumVisualStudioVersion = 10.0.40219.1
Project("{2150E333-8FDC-42A3-9474-1A3956D46DE8}") = "src", "src", "{23EC9534-C2FC-4472-92F9-231622CFE815}"
EndProject
Project("{FAE04EC0-301F-11D3-BF4B-00C04F79EFBC}") = "Domain", "..\..\..\Docents\Saumndboxing\CleanArchitecture\Domain\Domain.csproj", "{C927EEF1-4BDD-4E47-9F45-E981B299732D}"
EndProject
Project("{FAE04EC0-301F-11D3-BF4B-00C04F79EFBC}") = "WebApi", "..\..\..\Docents\Saumndboxing\CleanArchitecture\Domain\WebApi\WebApi.csproj", "{62A55240-D568-45EC-BB2F-10E36A243FED}"
EndProject
Project("{FAE04EC0-301F-11D3-BF4B-00C04F79EFBC}") = "Application", "..\..\..\Docents\Saumndboxing\CleanArchitecture\Domain\Application\Application.csproj", "{2737C436-E12F-47A0-B6D0-EC946DEEED8C}"
EndProject
Project("{FAE04EC0-301F-11D3-BF4B-00C04F79EFBC}") = "Presentation", "..\..\..\Docents\Saumndboxing\CleanArchitecture\Domain\Presentation\Presentation.csproj", "{95A62BC9-0E2C-4370-B0C0-1B92CCA7AF2B}"
EndProject
Project("{FAE04EC0-301F-11D3-BF4B-00C04F79EFBC}") = "Infrastructure", "..\..\..\Docents\Saumndboxing\CleanArchitecture\Domain\Infrastructure\Infrastructure.csproj", "{925566C9-BFF4-4704-9469-31DAEFDAE126}"
EndProject
Global
	GlobalSection(SolutionConfigurationPlatforms) = preSolution
		Debug|Any CPU = Debug|Any CPU
		Release|Any CPU = Release|Any CPU
	EndGlobalSection
	GlobalSection(ProjectConfigurationPlatforms) = postSolution
		{C927EEF1-4BDD-4E47-9F45-E981B299732D}.Debug|Any CPU.ActiveCfg = Debug|Any CPU
		{C927EEF1-4BDD-4E47-9F45-E981B299732D}.Debug|Any CPU.Build.0 = Debug|Any CPU
		{C927EEF1-4BDD-4E47-9F45-E981B299732D}.Release|Any CPU.ActiveCfg = Release|Any CPU
		{C927EEF1-4BDD-4E47-9F45-E981B299732D}.Release|Any CPU.Build.0 = Release|Any CPU
		{62A55240-D568-45EC-BB2F-10E36A243FED}.Debug|Any CPU.ActiveCfg = Debug|Any CPU
		{62A55240-D568-45EC-BB2F-10E36A243FED}.Debug|Any CPU.Build.0 = Debug|Any CPU
		{62A55240-D568-45EC-BB2F-10E36A243FED}.Release|Any CPU.ActiveCfg = Release|Any CPU
		{62A55240-D568-45EC-BB2F-10E36A243FED}.Release|Any CPU.Build.0 = Release|Any CPU
		{2737C436-E12F-47A0-B6D0-EC946DEEED8C}.Debug|Any CPU.ActiveCfg = Debug|Any CPU
		{2737C436-E12F-47A0-B6D0-EC946DEEED8C}.Debug|Any CPU.Build.0 = Debug|Any CPU
		{2737C436-E12F-47A0-B6D0-EC946DEEED8C}.Release|Any CPU.ActiveCfg = Release|Any CPU
		{2737C436-E12F-47A0-B6D0-EC946DEEED8C}.Release|Any CPU.Build.0 = Release|Any CPU
		{95A62BC9-0E2C-4370-B0C0-1B92CCA7AF2B}.Debug|Any CPU.ActiveCfg = Debug|Any CPU
		{95A62BC9-0E2C-4370-B0C0-1B92CCA7AF2B}.Debug|Any CPU.Build.0 = Debug|Any CPU
		{95A62BC9-0E2C-4370-B0C0-1B92CCA7AF2B}.Release|Any CPU.ActiveCfg = Release|Any CPU
		{95A62BC9-0E2C-4370-B0C0-1B92CCA7AF2B}.Release|Any CPU.Build.0 = Release|Any CPU
		{925566C9-BFF4-4704-9469-31DAEFDAE126}.Debug|Any CPU.ActiveCfg = Debug|Any CPU
		{925566C9-BFF4-4704-9469-31DAEFDAE126}.Debug|Any CPU.Build.0 = Debug|Any CPU
		{925566C9-BFF4-4704-9469-31DAEFDAE126}.Release|Any CPU.ActiveCfg = Release|Any CPU
		{925566C9-BFF4-4704-9469-31DAEFDAE126}.Release|Any CPU.Build.0 = Release|Any CPU
	EndGlobalSection
	GlobalSection(SolutionProperties) = preSolution
		HideSolutionNode = FALSE
	EndGlobalSection
	GlobalSection(ExtensibilityGlobals) = postSolution
		SolutionGuid = {CACE74EC-5CAE-4783-9258-60DB45085296}
	EndGlobalSection
	GlobalSection(NestedProjects) = preSolution
		{C927EEF1-4BDD-4E47-9F45-E981B299732D} = {23EC9534-C2FC-4472-92F9-231622CFE815}
		{62A55240-D568-45EC-BB2F-10E36A243FED} = {23EC9534-C2FC-4472-92F9-231622CFE815}
		{2737C436-E12F-47A0-B6D0-EC946DEEED8C} = {23EC9534-C2FC-4472-92F9-231622CFE815}
		{95A62BC9-0E2C-4370-B0C0-1B92CCA7AF2B} = {23EC9534-C2FC-4472-92F9-231622CFE815}
		{925566C9-BFF4-4704-9469-31DAEFDAE126} = {23EC9534-C2FC-4472-92F9-231622CFE815}
	EndGlobalSection
EndGlobal
